
Microsoft Visual Studio Solution File, Format Version 12.00
# Visual Studio Version 16
VisualStudioVersion = 16.0.29001.49
MinimumVisualStudioVersion = 10.0.40219.1
Project("{FAE04EC0-301F-11D3-BF4B-00C04F79EFBC}") = "Telefonbuch", "Telefonbuch\Telefonbuch.csproj", "{0526A334-2CD8-4FAF-AD74-B8A37C427E57}"
EndProject
Global
	GlobalSection(SolutionConfigurationPlatforms) = preSolution
		Debug|Any CPU = Debug|Any CPU
		Release|Any CPU = Release|Any CPU
	EndGlobalSection
	GlobalSection(ProjectConfigurationPlatforms) = postSolution
		{0526A334-2CD8-4FAF-AD74-B8A37C427E57}.Debug|Any CPU.ActiveCfg = Debug|Any CPU
		{0526A334-2CD8-4FAF-AD74-B8A37C427E57}.Debug|Any CPU.Build.0 = Debug|Any CPU
		{0526A334-2CD8-4FAF-AD74-B8A37C427E57}.Release|Any CPU.ActiveCfg = Release|Any CPU
		{0526A334-2CD8-4FAF-AD74-B8A37C427E57}.Release|Any CPU.Build.0 = Release|Any CPU
	EndGlobalSection
	GlobalSection(SolutionProperties) = preSolution
		HideSolutionNode = FALSE
	EndGlobalSection
	GlobalSection(ExtensibilityGlobals) = postSolution
		SolutionGuid = {45DA2CFD-71EB-46D8-92B6-2BF64C21F46F}
	EndGlobalSection
EndGlobal
